
Microsoft Visual Studio Solution File, Format Version 11.00
# Visual C# Express 2010
Project("{FAE04EC0-301F-11D3-BF4B-00C04F79EFBC}") = "_PlugIn", "PlugIn\_PlugIn.csproj", "{0D3ECFE3-92D6-46DE-9D67-16759384458B}"
EndProject
Project("{FAE04EC0-301F-11D3-BF4B-00C04F79EFBC}") = "Ahodomo", "Ahodomo\Ahodomo.csproj", "{9CB0DFC6-924C-461C-B319-13C1D9CBED30}"
EndProject
Project("{FAE04EC0-301F-11D3-BF4B-00C04F79EFBC}") = "CMS", "CMS\CMS.csproj", "{69276903-4081-4B14-AA5E-B353B29D840D}"
EndProject
Project("{FAE04EC0-301F-11D3-BF4B-00C04F79EFBC}") = "pwq", "pwq\pwq.csproj", "{5BCCEBC0-EAB5-4EAA-B395-B733C8A99A67}"
EndProject
Project("{FAE04EC0-301F-11D3-BF4B-00C04F79EFBC}") = "sgkk", "sgkk\sgkk.csproj", "{DED9B407-D31D-472C-8918-58C9B484BD79}"
EndProject
Project("{FAE04EC0-301F-11D3-BF4B-00C04F79EFBC}") = "Shikkaku", "Shikkaku\Shikkaku.csproj", "{AB463864-FFC9-490C-A3F1-CC7A49E65507}"
EndProject
Project("{FAE04EC0-301F-11D3-BF4B-00C04F79EFBC}") = "CommieSubs", "CommieSubs\CommieSubs.csproj", "{3BF41B2F-1C9E-48E0-A667-CB20CC841900}"
EndProject
Project("{FAE04EC0-301F-11D3-BF4B-00C04F79EFBC}") = "Acre", "Acre\Acre.csproj", "{43C07235-B4F3-49C8-A249-9FC8FA4C2799}"
EndProject
Global
	GlobalSection(SolutionConfigurationPlatforms) = preSolution
		RLS|x86 = RLS|x86
	EndGlobalSection
	GlobalSection(ProjectConfigurationPlatforms) = postSolution
		{0D3ECFE3-92D6-46DE-9D67-16759384458B}.RLS|x86.ActiveCfg = RLS|x86
		{0D3ECFE3-92D6-46DE-9D67-16759384458B}.RLS|x86.Build.0 = RLS|x86
		{9CB0DFC6-924C-461C-B319-13C1D9CBED30}.RLS|x86.ActiveCfg = RLS|x86
		{9CB0DFC6-924C-461C-B319-13C1D9CBED30}.RLS|x86.Build.0 = RLS|x86
		{69276903-4081-4B14-AA5E-B353B29D840D}.RLS|x86.ActiveCfg = RLS|x86
		{69276903-4081-4B14-AA5E-B353B29D840D}.RLS|x86.Build.0 = RLS|x86
		{5BCCEBC0-EAB5-4EAA-B395-B733C8A99A67}.RLS|x86.ActiveCfg = RLS|x86
		{5BCCEBC0-EAB5-4EAA-B395-B733C8A99A67}.RLS|x86.Build.0 = RLS|x86
		{DED9B407-D31D-472C-8918-58C9B484BD79}.RLS|x86.ActiveCfg = RLS|x86
		{DED9B407-D31D-472C-8918-58C9B484BD79}.RLS|x86.Build.0 = RLS|x86
		{AB463864-FFC9-490C-A3F1-CC7A49E65507}.RLS|x86.ActiveCfg = RLS|x86
		{AB463864-FFC9-490C-A3F1-CC7A49E65507}.RLS|x86.Build.0 = RLS|x86
		{3BF41B2F-1C9E-48E0-A667-CB20CC841900}.RLS|x86.ActiveCfg = RLS|x86
		{3BF41B2F-1C9E-48E0-A667-CB20CC841900}.RLS|x86.Build.0 = RLS|x86
		{43C07235-B4F3-49C8-A249-9FC8FA4C2799}.RLS|x86.ActiveCfg = RLS|x86
		{43C07235-B4F3-49C8-A249-9FC8FA4C2799}.RLS|x86.Build.0 = RLS|x86
	EndGlobalSection
	GlobalSection(SolutionProperties) = preSolution
		HideSolutionNode = FALSE
	EndGlobalSection
EndGlobal
